
Microsoft Visual Studio Solution File, Format Version 12.00
# Visual Studio Version 17
VisualStudioVersion = 17.7.34221.43
MinimumVisualStudioVersion = 10.0.40219.1
Project("{FAE04EC0-301F-11D3-BF4B-00C04F79EFBC}") = "AlgorytmDijkstry2", "AlgorytmDijkstry2\AlgorytmDijkstry2.csproj", "{A59EED1E-24B3-42AE-A0D9-6E7EC5D82A2E}"
EndProject
Global
	GlobalSection(SolutionConfigurationPlatforms) = preSolution
		Debug|Any CPU = Debug|Any CPU
		Release|Any CPU = Release|Any CPU
	EndGlobalSection
	GlobalSection(ProjectConfigurationPlatforms) = postSolution
		{A59EED1E-24B3-42AE-A0D9-6E7EC5D82A2E}.Debug|Any CPU.ActiveCfg = Debug|Any CPU
		{A59EED1E-24B3-42AE-A0D9-6E7EC5D82A2E}.Debug|Any CPU.Build.0 = Debug|Any CPU
		{A59EED1E-24B3-42AE-A0D9-6E7EC5D82A2E}.Release|Any CPU.ActiveCfg = Release|Any CPU
		{A59EED1E-24B3-42AE-A0D9-6E7EC5D82A2E}.Release|Any CPU.Build.0 = Release|Any CPU
	EndGlobalSection
	GlobalSection(SolutionProperties) = preSolution
		HideSolutionNode = FALSE
	EndGlobalSection
	GlobalSection(ExtensibilityGlobals) = postSolution
		SolutionGuid = {4EBD98B6-ADC3-49DC-95D0-249C03CBFC87}
	EndGlobalSection
EndGlobal
